
Microsoft Visual Studio Solution File, Format Version 12.00
# Visual Studio 15
VisualStudioVersion = 15.0.26430.14
MinimumVisualStudioVersion = 10.0.40219.1
Project("{FAE04EC0-301F-11D3-BF4B-00C04F79EFBC}") = "Abmes.DataPumper.WebApi", "Abmes.DataPumper.WebApi\Abmes.DataPumper.WebApi.csproj", "{8CA8979D-1251-4231-8B8D-040E8161BA9C}"
EndProject
Project("{FAE04EC0-301F-11D3-BF4B-00C04F79EFBC}") = "Abmes.DataPumper.Library", "Abmes.DataPumper.Library\Abmes.DataPumper.Library.csproj", "{1F41A5F1-D864-453E-8A98-57ADE71D0E29}"
EndProject
Global
	GlobalSection(SolutionConfigurationPlatforms) = preSolution
		Debug|Any CPU = Debug|Any CPU
		Release|Any CPU = Release|Any CPU
	EndGlobalSection
	GlobalSection(ProjectConfigurationPlatforms) = postSolution
		{8CA8979D-1251-4231-8B8D-040E8161BA9C}.Debug|Any CPU.ActiveCfg = Debug|Any CPU
		{8CA8979D-1251-4231-8B8D-040E8161BA9C}.Debug|Any CPU.Build.0 = Debug|Any CPU
		{8CA8979D-1251-4231-8B8D-040E8161BA9C}.Release|Any CPU.ActiveCfg = Release|Any CPU
		{8CA8979D-1251-4231-8B8D-040E8161BA9C}.Release|Any CPU.Build.0 = Release|Any CPU
		{1F41A5F1-D864-453E-8A98-57ADE71D0E29}.Debug|Any CPU.ActiveCfg = Debug|Any CPU
		{1F41A5F1-D864-453E-8A98-57ADE71D0E29}.Debug|Any CPU.Build.0 = Debug|Any CPU
		{1F41A5F1-D864-453E-8A98-57ADE71D0E29}.Release|Any CPU.ActiveCfg = Release|Any CPU
		{1F41A5F1-D864-453E-8A98-57ADE71D0E29}.Release|Any CPU.Build.0 = Release|Any CPU
	EndGlobalSection
	GlobalSection(SolutionProperties) = preSolution
		HideSolutionNode = FALSE
	EndGlobalSection
EndGlobal
